<?xml version="1.0" encoding="utf-8"?>
<Project ToolsVersion="4.0" xmlns="http://schemas.microsoft.com/developer/msbuild/2003">
  <ItemGroup>
    <Filter Include="Source Files">
      <UniqueIdentifier>{4FC737F1-C7A5-4376-A066-2A32D752A2FF}</UniqueIdentifier>
      <Extensions>cpp;c;cc;cxx;def;odl;idl;hpj;bat;asm;asmx</Extensions>
    </Filter>
    <Filter Include="Header Files">
      <UniqueIdentifier>{93995380-89BD-4b04-88EB-625FBE52EBFB}</UniqueIdentifier>
      <Extensions>h;hh;hpp;hxx;hm;inl;inc;ipp;xsd</Extensions>
    </Filter>
    <Filter Include="Resource Files">
      <UniqueIdentifier>{67DA6AB6-F800-4c08-8B7A-83BB121AAD01}</UniqueIdentifier>
      <Extensions>rc;ico;cur;bmp;dlg;rc2;rct;bin;rgs;gif;jpg;jpeg;jpe;resx;tiff;tif;png;wav;mfcribbon-ms</Extensions>
    </Filter>
    <Filter Include="Header Files\Systems">
      <UniqueIdentifier>{32b18707-61f3-4394-8233-bb591a513240}</UniqueIdentifier>
    </Filter>
    <Filter Include="Source Files\Systems">
      <UniqueIdentifier>{336baa55-fcb4-4cca-8542-c2b9ce58a956}</UniqueIdentifier>
    </Filter>
    <Filter Include="Header Files\Components">
      <UniqueIdentifier>{e89394cb-a94b-4034-ab32-c976e828d288}</UniqueIdentifier>
    </Filter>
    <Filter Include="Source Files\Components">
      <UniqueIdentifier>{b7299f69-88e1-4815-8201-ccbd13562f63}</UniqueIdentifier>
    </Filter>
    <Filter Include="Header Files\Custom Behaviours">
      <UniqueIdentifier>{32286db1-f186-4d3c-b7f3-d1695e4e327d}</UniqueIdentifier>
    </Filter>
    <Filter Include="Source Files\Custom Behaviours">
      <UniqueIdentifier>{75edcae1-7249-406d-b015-63a740f883d0}</UniqueIdentifier>
    </Filter>
    <Filter Include="Header Files\Shapes">
      <UniqueIdentifier>{3ac6b068-9af9-477f-8354-384f9c9fc36f}</UniqueIdentifier>
    </Filter>
    <Filter Include="Source Files\Shapes">
      <UniqueIdentifier>{ca14b0f1-c692-4083-a843-7da30a45dbae}</UniqueIdentifier>
    </Filter>
    <Filter Include="Source Files\Resources">
      <UniqueIdentifier>{d5feabac-6325-4f9f-a503-d447085a5129}</UniqueIdentifier>
    </Filter>
    <Filter Include="Header Files\Resources">
      <UniqueIdentifier>{1121c463-7287-4109-93a6-685da29b765f}</UniqueIdentifier>
    </Filter>
  </ItemGroup>
  <ItemGroup>
    <ClCompile Include="main.cpp">
      <Filter>Source Files</Filter>
    </ClCompile>
    <ClCompile Include="Engine.cpp">
      <Filter>Source Files</Filter>
    </ClCompile>
    <ClCompile Include="Entity.cpp">
      <Filter>Source Files</Filter>
    </ClCompile>
    <ClCompile Include="Component.cpp">
      <Filter>Source Files</Filter>
    </ClCompile>
    <ClCompile Include="System.cpp">
      <Filter>Source Files</Filter>
    </ClCompile>
    <ClCompile Include="Sprite.cpp">
      <Filter>Source Files\Components</Filter>
    </ClCompile>
    <ClCompile Include="SpriteRenderSystem.cpp">
      <Filter>Source Files\Systems</Filter>
    </ClCompile>
    <ClCompile Include="CustomBehaviour.cpp">
      <Filter>Source Files\Components</Filter>
    </ClCompile>
    <ClCompile Include="CustomBehaviourSystem.cpp">
      <Filter>Source Files\Systems</Filter>
    </ClCompile>
    <ClCompile Include="Resource.cpp">
      <Filter>Source Files</Filter>
    </ClCompile>
    <ClCompile Include="Collider.cpp">
      <Filter>Source Files\Components</Filter>
    </ClCompile>
    <ClCompile Include="CollisionSystem.cpp">
      <Filter>Source Files\Systems</Filter>
    </ClCompile>
    <ClCompile Include="Collision.cpp">
      <Filter>Source Files</Filter>
    </ClCompile>
    <ClCompile Include="Vec2.cpp">
      <Filter>Source Files</Filter>
    </ClCompile>
    <ClCompile Include="InputSystem.cpp">
      <Filter>Source Files\Systems</Filter>
    </ClCompile>
    <ClCompile Include="Player.cpp">
      <Filter>Source Files\Custom Behaviours</Filter>
    </ClCompile>
    <ClCompile Include="Enemy.cpp">
      <Filter>Source Files\Custom Behaviours</Filter>
    </ClCompile>
    <ClCompile Include="Shape.cpp">
      <Filter>Source Files</Filter>
    </ClCompile>
    <ClCompile Include="Circle.cpp">
      <Filter>Source Files\Shapes</Filter>
    </ClCompile>
    <ClCompile Include="Rectangle.cpp">
      <Filter>Source Files\Shapes</Filter>
    </ClCompile>
    <ClCompile Include="Tilemap.cpp">
      <Filter>Source Files</Filter>
    </ClCompile>
    <ClCompile Include="TilemapShape.cpp">
      <Filter>Source Files\Shapes</Filter>
    </ClCompile>
    <ClCompile Include="FrameRate.cpp">
      <Filter>Source Files\Custom Behaviours</Filter>
    </ClCompile>
    <ClCompile Include="Text.cpp">
      <Filter>Source Files\Resources</Filter>
    </ClCompile>
    <ClCompile Include="SpriteShape.cpp">
      <Filter>Source Files\Shapes</Filter>
    </ClCompile>
    <ClCompile Include="Inventory.cpp">
      <Filter>Source Files\Custom Behaviours</Filter>
    </ClCompile>
    <ClCompile Include="Item.cpp">
      <Filter>Source Files\Custom Behaviours</Filter>
    </ClCompile>
    <ClCompile Include="SpriteAnimator.cpp">
      <Filter>Source Files\Custom Behaviours</Filter>
    </ClCompile>
    <ClCompile Include="SpriteSheet.cpp">
      <Filter>Source Files\Resources</Filter>
    </ClCompile>
    <ClCompile Include="KeyBindings.cpp">
      <Filter>Source Files</Filter>
    </ClCompile>
    <ClCompile Include="BouncingBall.cpp">
      <Filter>Source Files\Custom Behaviours</Filter>
    </ClCompile>
    <ClCompile Include="Mob.cpp">
      <Filter>Source Files\Custom Behaviours</Filter>
    </ClCompile>
  </ItemGroup>
  <ItemGroup>
    <ClInclude Include="Engine.h">
      <Filter>Header Files</Filter>
    </ClInclude>
    <ClInclude Include="Entity.h">
      <Filter>Header Files</Filter>
    </ClInclude>
    <ClInclude Include="Component.h">
      <Filter>Header Files</Filter>
    </ClInclude>
    <ClInclude Include="System.h">
      <Filter>Header Files</Filter>
    </ClInclude>
    <ClInclude Include="Sprite.h">
      <Filter>Header Files\Components</Filter>
    </ClInclude>
    <ClInclude Include="ComponentContainer.h">
      <Filter>Header Files</Filter>
    </ClInclude>
    <ClInclude Include="SpriteRenderSystem.h">
      <Filter>Header Files\Systems</Filter>
    </ClInclude>
    <ClInclude Include="CustomBehaviour.h">
      <Filter>Header Files\Components</Filter>
    </ClInclude>
    <ClInclude Include="CustomBehaviourSystem.h">
      <Filter>Header Files\Systems</Filter>
    </ClInclude>
    <ClInclude Include="Resource.h">
      <Filter>Header Files</Filter>
    </ClInclude>
    <ClInclude Include="Collider.h">
      <Filter>Header Files\Components</Filter>
    </ClInclude>
    <ClInclude Include="CollisionSystem.h">
      <Filter>Header Files\Systems</Filter>
    </ClInclude>
    <ClInclude Include="Collision.h">
      <Filter>Header Files</Filter>
    </ClInclude>
    <ClInclude Include="Vec2.h">
      <Filter>Header Files</Filter>
    </ClInclude>
    <ClInclude Include="InputSystem.h">
      <Filter>Header Files\Systems</Filter>
    </ClInclude>
    <ClInclude Include="Player.h">
      <Filter>Header Files\Custom Behaviours</Filter>
    </ClInclude>
    <ClInclude Include="Enemy.h">
      <Filter>Header Files\Custom Behaviours</Filter>
    </ClInclude>
    <ClInclude Include="Shape.h">
      <Filter>Header Files</Filter>
    </ClInclude>
    <ClInclude Include="Circle.h">
      <Filter>Header Files\Shapes</Filter>
    </ClInclude>
    <ClInclude Include="Rectangle.h">
      <Filter>Header Files\Shapes</Filter>
    </ClInclude>
    <ClInclude Include="Tilemap.h">
      <Filter>Header Files</Filter>
    </ClInclude>
    <ClInclude Include="GameKeyBinding.h">
      <Filter>Header Files\Custom Behaviours</Filter>
    </ClInclude>
    <ClInclude Include="FrameRate.h">
      <Filter>Header Files\Custom Behaviours</Filter>
    </ClInclude>
    <ClInclude Include="Text.h">
      <Filter>Header Files\Resources</Filter>
    </ClInclude>
    <ClInclude Include="TilemapShape.h">
      <Filter>Header Files\Shapes</Filter>
    </ClInclude>
    <ClInclude Include="SpriteShape.h">
      <Filter>Header Files\Shapes</Filter>
    </ClInclude>
    <ClInclude Include="Inventory.h">
      <Filter>Header Files\Custom Behaviours</Filter>
    </ClInclude>
    <ClInclude Include="Item.h">
      <Filter>Header Files\Custom Behaviours</Filter>
    </ClInclude>
    <ClInclude Include="SpriteAnimator.h">
      <Filter>Header Files\Custom Behaviours</Filter>
    </ClInclude>
    <ClInclude Include="Reference.h">
      <Filter>Header Files</Filter>
    </ClInclude>
    <ClInclude Include="SpriteSheet.h">
      <Filter>Header Files\Resources</Filter>
    </ClInclude>
    <ClInclude Include="KeyBindings.h">
      <Filter>Header Files</Filter>
    </ClInclude>
    <ClInclude Include="BouncingBall.h">
      <Filter>Header Files\Custom Behaviours</Filter>
    </ClInclude>
    <ClInclude Include="Mob.h">
      <Filter>Header Files\Custom Behaviours</Filter>
    </ClInclude>
  </ItemGroup>
</Project>